github.com/jcramb/cedict v1.0.0 h1:XZKfWFIAZazuMpsyhyR5xPx+VERcYGDkWiDPl2PYhWU=
github.com/jcramb/cedict v1.0.0/go.mod h1:CxO2zLJDnkg6FI8U3Z9odKpNF5tiaLtNtdb3Ks9kDxs=
github.com/jcramb/cedict v1.0.1-0.20210401151953-11305676af34 h1:dFm6Zf2Aq8ha75hSRU9fxlZPaCYBElq+wT9+EphqCHw=
github.com/jcramb/cedict v1.0.1-0.20210401151953-11305676af34/go.mod h1:CxO2zLJDnkg6FI8U3Z9odKpNF5tiaLtNtdb3Ks9kDxs=
github.com/pkg/errors v0.9.1 h1:FEBLx1zS214owpjy7qsBeixbURkuhQAwrK5UwLGTwt4=
github.com/pkg/errors v0.9.1/go.mod h1:bwawxfHBFNV+L2hUp1rHADufV3IMtnDRdf1r5NINEl0=
golang.org/x/text v0.3.2 h1:tW2bmiBqwgJj/UpqtC8EpXEZVYOwU0yG4iWbprSVAcs=
golang.org/x/text v0.3.2/go.mod h1:bEr9sfX3Q8Zfm5fL9x+3itogRgK3+ptLWKqgva+5dAk=
golang.org/x/text v0.3.5 h1:i6eZZ+zk0SOf0xgBpEpPD18qWcJda6q1sxt3S0kzyUQ=
golang.org/x/text v0.3.5/go.mod h1:5Zoc/QRtKVWzQhOtBMvqHzDpF6irO9z98xDceosuGiQ=
golang.org/x/text v0.3.6 h1:aRYxNxv6iGQlyVaZmk6ZgYEDa+Jg18DxebPSrd6bg1M=
golang.org/x/text v0.3.6/go.mod h1:5Zoc/QRtKVWzQhOtBMvqHzDpF6irO9z98xDceosuGiQ=
golang.org/x/tools v0.0.0-20180917221912-90fa682c2a6e/go.mod h1:n7NCudcB/nEzxVGmLbDWY5pfWTLqBcC2KZ6jyYvM4mQ=
